{
  "name": "test2",
  "lockfileVersion": 2,
  "requires": true,
  "packages": {
    "": {
      "devDependencies": {
        "window-date-picker-react": "^1.0.0"
      }
    },
    "node_modules/window-date-picker-react": {
      "version": "1.0.0",
      "resolved": "https://registry.npmjs.org/window-date-picker-react/-/window-date-picker-react-1.0.0.tgz",
      "integrity": "sha512-c4Z6+Atw8oDy07yJ3EM48VLS4RipU0CKH3BlT6RAC9Bn0bEPXKYU2rXaSQgSG2CFpXxqg8UQGKU//GKuYFjDHg==",
      "dev": true
    }
  },
  "dependencies": {
    "window-date-picker-react": {
      "version": "1.0.0",
      "resolved": "https://registry.npmjs.org/window-date-picker-react/-/window-date-picker-react-1.0.0.tgz",
      "integrity": "sha512-c4Z6+Atw8oDy07yJ3EM48VLS4RipU0CKH3BlT6RAC9Bn0bEPXKYU2rXaSQgSG2CFpXxqg8UQGKU//GKuYFjDHg==",
      "dev": true
    }
  }
}
